# This file was autogenerated by Stack.
# You should not edit this file by hand.
# For more information, please see the documentation at:
#   https://docs.haskellstack.org/en/stable/lock_files

packages:
- completed:
    hackage: accelerate-1.3.0.0@sha256:f19e43687e9a306fddaddfa68a764b157ceb2522d9a821e31bc3353c730fda2b,20995
    pantry-tree:
      size: 13459
      sha256: 00e83fbc4576aea9d8efdaf4e04fa2a6d1c5a1551bd733a63f4b7aaf46b472c9
  original:
    hackage: accelerate-1.3.0.0
- completed:
    hackage: accelerate-examples-1.3.0.0@sha256:5b190e9b3e7d8f09a9a3b5c7ce947c4be58dee024a71729d841bf7b7fcde34fd,22120
    pantry-tree:
      size: 7538
      sha256: 6f9b3a5cef86667c7c9cdec1eed1908bf6d00e3fd3e8738090e1aed353ba397c
  original:
    hackage: accelerate-examples-1.3.0.0
- completed:
    hackage: fclabels-2.0.5@sha256:817006077632bd29e637956154aa33d3c10a59be0791c308cef955eb951b2675,4473
    pantry-tree:
      size: 1008
      sha256: 8a9254b7f80c3586d6e51d35c1355e700c3f9b0b3d8e3ae6e6ab939580188e1b
  original:
    hackage: fclabels-2.0.5
- completed:
    hackage: gloss-raster-accelerate-2.1.0.0@sha256:7c17ef365dc8e258a2ff6fc56b1c96b024d7015b91e1ac98b0264b654de3c22d,1397
    pantry-tree:
      size: 418
      sha256: c83d59d88b87bfb30155741e39e2b2d84230fa22da59b10aaa3f5cc92e2d0f79
  original:
    hackage: gloss-raster-accelerate-2.1.0.0
- completed:
    hackage: lens-accelerate-0.3.0.0@sha256:782bb148e47babdd90a146879066de935e63269ebe800091c7ecc59eba7973bf,1431
    pantry-tree:
      size: 692
      sha256: c70c9f6fe85d96c7a271dbe808a7e04563424de259a69e347957f38efac5b5c3
  original:
    hackage: lens-accelerate-0.3.0.0
- completed:
    hackage: linear-accelerate-0.7.0.0@sha256:096fba507820938405b0f70f6904f5844c73d8adb45f9b0a4d8680f4d3e98c69,2469
    pantry-tree:
      size: 1766
      sha256: 2399c3608737e02b2252d80bbb4c8fe5129d220edebc1fa5a5307babb71a0995
  original:
    hackage: linear-accelerate-0.7.0.0
- completed:
    hackage: colour-accelerate-0.4.0.0@sha256:de76eebd743e1ad492c7577534f7c8224ec8178f310ee316a35e18372395d1b7,1706
    pantry-tree:
      size: 14789
      sha256: 4e5b4451bfa98c3442d12e2d9b404aa21b32d0b37b7b36b02bdf275af132d27f
  original:
    hackage: colour-accelerate-0.4.0.0
- completed:
    hackage: gloss-accelerate-2.1.0.0@sha256:918bbb7ef1729a8689b30b1670491d8d05f183dabf5d6f33774d61de5f79b845,1358
    pantry-tree:
      size: 379
      sha256: 204919d7b3c35f3fb6d7f2d2dc2112275003ca1220bdac9d9cbf910159fb484d
  original:
    hackage: gloss-accelerate-2.1.0.0
snapshots:
- completed:
    size: 565712
    url: https://raw.githubusercontent.com/commercialhaskell/stackage-snapshots/master/lts/17/6.yaml
    sha256: 4e5e581a709c88e3fe26a9ce8bf331435729bead762fb5c190064c6c5bb1b835
  original: lts-17.6
