# This file was autogenerated by Stack.
# You should not edit this file by hand.
# For more information, please see the documentation at:
#   https://docs.haskellstack.org/en/stable/lock_files

packages:
- completed:
    hackage: accelerate-1.3.0.0@sha256:f19e43687e9a306fddaddfa68a764b157ceb2522d9a821e31bc3353c730fda2b,20995
    pantry-tree:
      size: 13459
      sha256: 00e83fbc4576aea9d8efdaf4e04fa2a6d1c5a1551bd733a63f4b7aaf46b472c9
  original:
    hackage: accelerate-1.3.0.0@sha256:f19e43687e9a306fddaddfa68a764b157ceb2522d9a821e31bc3353c730fda2b,20995
- completed:
    hackage: accelerate-llvm-1.0.0.0@sha256:7d9096dc7ec1f5aae9acfc4d9faf652682dbf81026c9c743200487e057297bd4,7651
    pantry-tree:
      size: 4224
      sha256: 566a8f3a6df219c26f96471056c12f99d5864ad67a74c80a45ba9ef047aee38f
  original:
    hackage: accelerate-llvm-1.0.0.0
- completed:
    hackage: accelerate-llvm-native-1.0.0.0@sha256:c4aae18f571e0d9dd36674fe24672dcba29ec3a1891247dae5bd6d602fc5538d,6040
    pantry-tree:
      size: 2299
      sha256: c543000eb5169edcb1e132de4d533fc56a1d7738a10e513ed8dcc6182ee82ddd
  original:
    hackage: accelerate-llvm-native-1.0.0.0
- completed:
    hackage: accelerate-llvm-ptx-1.0.0.0@sha256:e68701f15336fd1d744649487cd1a834d111673d2919d181fe810da5623797fb,7006
    pantry-tree:
      size: 3124
      sha256: c03fc3c197ed273e09015b5fc7220d7d09d13b8e466633acffca9f872550888b
  original:
    hackage: accelerate-llvm-ptx-1.0.0.0
- completed:
    hackage: cuda-0.7.5.3@sha256:5ee0fc541925a4b86d7f4807ee70bc83fe798af989c1ec3d39cec312a9bd65e9,5903
    pantry-tree:
      size: 3414
      sha256: 25fd0da6a6976d8af9e94a8450ac663c7234171591268ce901fe12e9b1520aa7
  original:
    hackage: cuda-0.7.5.3
- completed:
    hackage: llvm-hs-4.0.1.0@sha256:fa9814094209663f1c67934beeefcbd41e71029158da1ba3245ae36995179561,8577
    pantry-tree:
      size: 11680
      sha256: 213734232110394fc5af8e78b9c5df2d0bbda3e2ddbd264fa3a08a19e574dc12
  original:
    hackage: llvm-hs-4.0.1.0
- completed:
    hackage: llvm-hs-pure-4.0.0.0@sha256:fee90cff04e936c466c53d89d12501eec586cfeceb339c1fd7f7e7c6b9db5619,3001
    pantry-tree:
      size: 2045
      sha256: 0d8d2f2cabf8f9401d656057965f65d27d94e6e8489d1b6e84f6fa62f1215521
  original:
    hackage: llvm-hs-pure-4.0.0.0
- completed:
    hackage: ansi-terminal-0.11@sha256:97470250c92aae14c4c810d7f664c532995ba8910e2ad797b29f22ad0d2d0194,3307
    pantry-tree:
      size: 1461
      sha256: 4098c4b8bb503fcf0730aedc8247a479d3e22fd1fe4c6b4b2b2b5da30bdfb713
  original:
    hackage: ansi-terminal-0.11@sha256:97470250c92aae14c4c810d7f664c532995ba8910e2ad797b29f22ad0d2d0194,3307
- completed:
    hackage: base-orphans-0.8.4@sha256:9a70dc95761ab9a9d49a038a4599b7b7945d486d80ed1678f347445bc336f3e0,3149
    pantry-tree:
      size: 1272
      sha256: a0bef7fa45e025ba23bf18d11240abc02cf82a4b9c087833af719d19427fe799
  original:
    hackage: base-orphans-0.8.4@sha256:9a70dc95761ab9a9d49a038a4599b7b7945d486d80ed1678f347445bc336f3e0,3149
- completed:
    hackage: cabal-doctest-1.0.8@sha256:8bd1d614fb65f0d52609da30bf8e5ec71a4b6adf8ff5610edb3cb4d114576117,1491
    pantry-tree:
      size: 334
      sha256: 7fefc108ae11ff94853a3880160cbb0c460d23c15beb79df8caaedaaf4626715
  original:
    hackage: cabal-doctest-1.0.8@sha256:8bd1d614fb65f0d52609da30bf8e5ec71a4b6adf8ff5610edb3cb4d114576117,1491
- completed:
    hackage: cryptonite-0.28@sha256:b6c75e62b4c655d4cb1bcbb80d01430d136aac32bd6962c86c84738935cc8f9d,18195
    pantry-tree:
      size: 23132
      sha256: d80d7be9b1d0799a8e401ca5d4f4f424e0d8c42d4a30cc37bf6f82970232bfcf
  original:
    hackage: cryptonite-0.28@sha256:b6c75e62b4c655d4cb1bcbb80d01430d136aac32bd6962c86c84738935cc8f9d,18195
- completed:
    hackage: half-0.3.1@sha256:5aabf5325762b2d6335b9e3f88602431af2b954e14b058bea3e93168a8e0eb53,2058
    pantry-tree:
      size: 502
      sha256: e44f2e2dba15466712f8a5c523bdccb2e6c7e70506a23e6d45766f82fcbbd4b0
  original:
    hackage: half-0.3.1@sha256:5aabf5325762b2d6335b9e3f88602431af2b954e14b058bea3e93168a8e0eb53,2058
- completed:
    hackage: hashable-1.3.0.0@sha256:d60cad00223d46172020c136e68acef0481a47d0302b2e74b1805b4f3a446a9b,5389
    pantry-tree:
      size: 1521
      sha256: e7d5dbcea435993e180947216759031527ee3c2ddba276f1942f815d629e1e3a
  original:
    hackage: hashable-1.3.0.0@sha256:d60cad00223d46172020c136e68acef0481a47d0302b2e74b1805b4f3a446a9b,5389
- completed:
    hackage: hashtables-1.2.4.1@sha256:09267f75fed6375617cfa049e28f8812b776e5c4ad811794efe150db314dcb4f,9821
    pantry-tree:
      size: 2894
      sha256: b4fa31474d98869318b9190684eec802b6a282588b2dddfaf7b0dcb87e652132
  original:
    hackage: hashtables-1.2.4.1@sha256:09267f75fed6375617cfa049e28f8812b776e5c4ad811794efe150db314dcb4f,9821
- completed:
    hackage: hedgehog-1.0.4@sha256:e7560a354c8806f3435a345486c09e7cdc55378f747895334eff3214b59a2b30,4368
    pantry-tree:
      size: 2621
      sha256: 94bc2cd33f9390216290d08c65b44c813f4cfa18f5f3b6c7a3cb9f954127aa2c
  original:
    hackage: hedgehog-1.0.4@sha256:e7560a354c8806f3435a345486c09e7cdc55378f747895334eff3214b59a2b30,4368
- completed:
    hackage: lens-4.19.2@sha256:f84441c407bf436490cbc19b5c7497a66f5880be7023e7a9f0e205aee98239e5,16062
    pantry-tree:
      size: 8330
      sha256: 3b60e7f895d11960592df33bedfc33950d2d81f0e33973ff9777f03a68356fca
  original:
    hackage: lens-4.19.2@sha256:f84441c407bf436490cbc19b5c7497a66f5880be7023e7a9f0e205aee98239e5,16062
- completed:
    hackage: prettyprinter-1.7.0@sha256:6a9569e21fa61163a7f066d23d701e23e917893e8f39733d6e617ec72787ae5f,6007
    pantry-tree:
      size: 3194
      sha256: d22f820a1f63497f7fd7e1f04b7d356d92de35582258f6ad55428c88b09e63ff
  original:
    hackage: prettyprinter-1.7.0@sha256:6a9569e21fa61163a7f066d23d701e23e917893e8f39733d6e617ec72787ae5f,6007
- completed:
    hackage: prettyprinter-ansi-terminal-1.1.2@sha256:90b3b7650bc5b9f0e58da43621d23c817acfc0cf5ce71244b9bd11b8c9f95e3a,2653
    pantry-tree:
      size: 820
      sha256: c88bd6ddbc7c3f04b4fb70d86483abc177db1435462056ad24f8738e1d84d640
  original:
    hackage: prettyprinter-ansi-terminal-1.1.2@sha256:90b3b7650bc5b9f0e58da43621d23c817acfc0cf5ce71244b9bd11b8c9f95e3a,2653
- completed:
    hackage: primitive-0.7.1.0@sha256:f6357d5720c1c665096c3e011467daf443198b786a708d2ff926958a24d508d4,2728
    pantry-tree:
      size: 1376
      sha256: 23b707600721b68533c0d4a4d4358c60946b39c2030747837ab7285530b6f6f0
  original:
    hackage: primitive-0.7.1.0@sha256:f6357d5720c1c665096c3e011467daf443198b786a708d2ff926958a24d508d4,2728
- completed:
    hackage: tasty-1.4.1@sha256:69e90e965543faf0fc2c8e486d6c1d8cf81fd108e2c4541234c41490f392f94f,2638
    pantry-tree:
      size: 1873
      sha256: 0c8fb1ece12aa96b9e884a2c382bfe5f3688c0f7a69bc165bdae64674b4ffe83
  original:
    hackage: tasty-1.4.1@sha256:69e90e965543faf0fc2c8e486d6c1d8cf81fd108e2c4541234c41490f392f94f,2638
- completed:
    hackage: terminal-size-0.3.2.1@sha256:7b2d8e0475a46961d07ddfb91dee618de70eff55d9ba0402ebeac1f9dcf9b18b,1259
    pantry-tree:
      size: 580
      sha256: bdd64a618bdb54e93ed043f8c21d56b5447bfa5e706cda2b54e5b2a5efd6d297
  original:
    hackage: terminal-size-0.3.2.1@sha256:7b2d8e0475a46961d07ddfb91dee618de70eff55d9ba0402ebeac1f9dcf9b18b,1259
- completed:
    hackage: unique-0.0.1@sha256:6c7a543e504cda0f3be3772980e9d0b86cc33af9a4e304456a3820f4dfa2172b,1213
    pantry-tree:
      size: 385
      sha256: 7bf0e3d2f7070785ff6fb5d6394bf0c406a3f8719da251df09456d45bb5bffde
  original:
    hackage: unique-0.0.1@sha256:6c7a543e504cda0f3be3772980e9d0b86cc33af9a4e304456a3820f4dfa2172b,1213
- completed:
    hackage: unordered-containers-0.2.13.0@sha256:6310c636f92ed4908fdd0de582b6be31c2851c7b5f2ec14e9f416eb94df7a078,4978
    pantry-tree:
      size: 1388
      sha256: 0cdd70d603c621e2b184ff7baa232af8a88a01745710b975b97df63e92c700dd
  original:
    hackage: unordered-containers-0.2.13.0@sha256:6310c636f92ed4908fdd0de582b6be31c2851c7b5f2ec14e9f416eb94df7a078,4978
- completed:
    hackage: vector-0.12.2.0@sha256:6e81683c2c19b4aea58f1f453547cb03851b3cfd4031b8eb82abfa4643a13494,7953
    pantry-tree:
      size: 3841
      sha256: 666939d042ad8880bb66f4c00ebe71167354649ed4f1e4ddce99de355921c25e
  original:
    hackage: vector-0.12.2.0@sha256:6e81683c2c19b4aea58f1f453547cb03851b3cfd4031b8eb82abfa4643a13494,7953
- completed:
    hackage: async-2.2.3@sha256:0cbefb8247308b38e397e675f832b9bd5317ff1872001d5358f213654423c55b,2920
    pantry-tree:
      size: 501
      sha256: 377430ac1100914cf69806a4b0471d6e2757da539f04462e5bbd1072e0ad1c80
  original:
    hackage: async-2.2.3@sha256:0cbefb8247308b38e397e675f832b9bd5317ff1872001d5358f213654423c55b,2920
- completed:
    hackage: basement-0.0.11@sha256:af43e2e334e515b52ca309919b135c51b5e9411e6d4c68d0e8950d61eb5f25d1,5711
    pantry-tree:
      size: 5859
      sha256: 2b5bdb5b5a3ede3676aef58f0524c38881128338aede213913e64e0c4430906e
  original:
    hackage: basement-0.0.11@sha256:af43e2e334e515b52ca309919b135c51b5e9411e6d4c68d0e8950d61eb5f25d1,5711
- completed:
    hackage: bifunctors-5.5.10@sha256:52ae8b959de7bb2d5ec38750b9bc2782c90b5bf48805d635eb6ac0cfeb5b1bd6,3738
    pantry-tree:
      size: 1758
      sha256: 02af9a75e05e866c3309004db7ec72f587ea4fe421aeeb65a42bd391f7e95d8d
  original:
    hackage: bifunctors-5.5.10@sha256:52ae8b959de7bb2d5ec38750b9bc2782c90b5bf48805d635eb6ac0cfeb5b1bd6,3738
- completed:
    hackage: call-stack-0.3.0@sha256:dc369179410fd39542efde04778d1c4a18a015b3cf4b1703d9c88e07d58ece20,1105
    pantry-tree:
      size: 501
      sha256: db9e7cef1195c13cc9ceede808a7be464fe0c38fcdfcbf5224bfa3fe6411a460
  original:
    hackage: call-stack-0.3.0@sha256:dc369179410fd39542efde04778d1c4a18a015b3cf4b1703d9c88e07d58ece20,1105
- completed:
    hackage: clock-0.8.2@sha256:473ffd59765cc67634bdc55b63c699a85addf3a024089073ec2a862881e83e2a,4313
    pantry-tree:
      size: 383
      sha256: 8c259cbab153b142020fcb1bd4ca787e0205b5faef6fa2457d83c5d726147a93
  original:
    hackage: clock-0.8.2@sha256:473ffd59765cc67634bdc55b63c699a85addf3a024089073ec2a862881e83e2a,4313
- completed:
    hackage: colour-2.3.5@sha256:b27db0a3ad40d70bdbd8510a104269f8707592e80757a1abc66a22ba25e5a42f,1801
    pantry-tree:
      size: 1183
      sha256: ff0f5e24e9f669ceedfcae4d11fd6c68820bbaa2e07ab277368946e9b0f6f8a4
  original:
    hackage: colour-2.3.5@sha256:b27db0a3ad40d70bdbd8510a104269f8707592e80757a1abc66a22ba25e5a42f,1801
- completed:
    hackage: comonad-5.0.8@sha256:a3a140be7a21d6ba16bf9102bf4c79455ff3213679311587bac45ba0723c8d7a,3492
    pantry-tree:
      size: 1618
      sha256: c448878c6b55dece92a8f76566f13dff9fafe46fe911598f1353ae7b55153f41
  original:
    hackage: comonad-5.0.8@sha256:a3a140be7a21d6ba16bf9102bf4c79455ff3213679311587bac45ba0723c8d7a,3492
- completed:
    hackage: concurrent-output-1.10.12@sha256:50e14131c486611055e2fa4f01a2ed03e63051e6d6707650f0a8f2f4ca618477,1665
    pantry-tree:
      size: 897
      sha256: 0fa4857be7517ac37acbaafd190452212b707a0a49f17828e23ba740772a2617
  original:
    hackage: concurrent-output-1.10.12@sha256:50e14131c486611055e2fa4f01a2ed03e63051e6d6707650f0a8f2f4ca618477,1665
- completed:
    hackage: contravariant-1.5.3@sha256:e59a7742e725f94fc6578e3593cd3f6d4e3d46a9510c3a782e5fe5e5f238e3ce,3013
    pantry-tree:
      size: 652
      sha256: 7a77163cd7064649944f0fe93c0f0550f6a8979c83df2ec4c7c6c96e6d895c3d
  original:
    hackage: contravariant-1.5.3@sha256:e59a7742e725f94fc6578e3593cd3f6d4e3d46a9510c3a782e5fe5e5f238e3ce,3013
- completed:
    hackage: distributive-0.6.2.1@sha256:2823eff05c6b093492efe804027e7cf82757221f934964c76106ac3248899b89,2874
    pantry-tree:
      size: 735
      sha256: bf97136853fad2c7e4f8800248ace71be3a125aa262313626f6cc6708634f57a
  original:
    hackage: distributive-0.6.2.1@sha256:2823eff05c6b093492efe804027e7cf82757221f934964c76106ac3248899b89,2874
- completed:
    hackage: erf-2.0.0.0@sha256:11c5d3747d17b589009cbe9656ca792e4b5b2560d4aa44f6f1e80044794b1a8b,577
    pantry-tree:
      size: 161
      sha256: 80f6ad1c948520e2329abeddf5523af5d0d0c6300ce267dd85cdb6e95265c7e5
  original:
    hackage: erf-2.0.0.0@sha256:11c5d3747d17b589009cbe9656ca792e4b5b2560d4aa44f6f1e80044794b1a8b,577
- completed:
    hackage: free-5.1.6@sha256:8289b615eeeedd0b95ae956f0c5ae775e35bbd16588550209ce5551af19161a6,4895
    pantry-tree:
      size: 3308
      sha256: feb9e49f3db557d166a88366ad3c45bb70f2e4fbbc67d4d0d78fddc54f0962a8
  original:
    hackage: free-5.1.6@sha256:8289b615eeeedd0b95ae956f0c5ae775e35bbd16588550209ce5551af19161a6,4895
- completed:
    hackage: kan-extensions-5.2.1@sha256:331cd40a15c27d0be9ea1d4b719fc47dba62f784a49b03394841b9a332f1abea,2908
    pantry-tree:
      size: 1472
      sha256: ba045d304be89603040bca88a189fd6861fdb06c81b0f4f29bb572afc6abf646
  original:
    hackage: kan-extensions-5.2.1@sha256:331cd40a15c27d0be9ea1d4b719fc47dba62f784a49b03394841b9a332f1abea,2908
- completed:
    hackage: lifted-async-0.10.1.2@sha256:525946f7f54feca4cf5207aaf56452be08a2b0d12e04e5fb5770a98b5a56b9fc,2753
    pantry-tree:
      size: 872
      sha256: 03e63f74798794037f1f5615640a2679d92bff8170ce05a31bc1348ad07557cb
  original:
    hackage: lifted-async-0.10.1.2@sha256:525946f7f54feca4cf5207aaf56452be08a2b0d12e04e5fb5770a98b5a56b9fc,2753
- completed:
    hackage: memory-0.15.0@sha256:be7024b50e876a9c3b7febaefdd81d5dc67268c58a7b4e6b3825bdc58274d88c,5002
    pantry-tree:
      size: 2509
      sha256: df13688e9516d23eab08bbec9d26338d072e85bf760b654335dc14289162988f
  original:
    hackage: memory-0.15.0@sha256:be7024b50e876a9c3b7febaefdd81d5dc67268c58a7b4e6b3825bdc58274d88c,5002
- completed:
    hackage: mmorph-1.1.4@sha256:d49384befd4170d9b8ce190e2b860f832f1b18af93f9c7231f44187f1d937c77,1069
    pantry-tree:
      size: 345
      sha256: d643b43239d0f59c6be98c5c57fa18f4256d23da09143ca0205d6ad009758187
  original:
    hackage: mmorph-1.1.4@sha256:d49384befd4170d9b8ce190e2b860f832f1b18af93f9c7231f44187f1d937c77,1069
- completed:
    hackage: monad-control-1.0.2.3@sha256:a3ae888d2fed2e2a0ca33ae11e2480219e07312bccf1a02ffe2ba2e3ec5913ee,2255
    pantry-tree:
      size: 334
      sha256: 519fea66a13faf24c4a980d19c58f81af5cf519a2ddcc0c199a8f8f3bf0299b8
  original:
    hackage: monad-control-1.0.2.3@sha256:a3ae888d2fed2e2a0ca33ae11e2480219e07312bccf1a02ffe2ba2e3ec5913ee,2255
- completed:
    hackage: optparse-applicative-0.16.1.0@sha256:d410cc76e288b93d4ee7e06addc0381a7eaea43bcee0c3ced03f05cadec2f2fc,4836
    pantry-tree:
      size: 2979
      sha256: bfff15197c553035578163cd3da352bcddcf0f11f57ae40ead22ef6dd120c40c
  original:
    hackage: optparse-applicative-0.16.1.0@sha256:d410cc76e288b93d4ee7e06addc0381a7eaea43bcee0c3ced03f05cadec2f2fc,4836
- completed:
    hackage: parallel-3.2.2.0@sha256:421ce1717610bab82969572b96be89d83ea8d8afe7751cb54d80b996fff063d3,1817
    pantry-tree:
      size: 392
      sha256: 6bfa287011af901266cde7a7616f0f1d46afd60bd1584d8eba87e86028f0ac72
  original:
    hackage: parallel-3.2.2.0@sha256:421ce1717610bab82969572b96be89d83ea8d8afe7751cb54d80b996fff063d3,1817
- completed:
    hackage: pretty-show-1.10@sha256:bfef8da0ac4db4fc7f41edfec9e9a701ac206418d70702bff1e40f20d6a2b1f1,1888
    pantry-tree:
      size: 735
      sha256: ae0986a1537a5f462fd48787f82931a07ab8b569631cf08e6cff19c2d9e3866b
  original:
    hackage: pretty-show-1.10@sha256:bfef8da0ac4db4fc7f41edfec9e9a701ac206418d70702bff1e40f20d6a2b1f1,1888
- completed:
    hackage: profunctors-5.6.1@sha256:8a317a45fd50ef17c517e11c3125be85382f8a8cb8637076f3915e9b00f1a9fd,2377
    pantry-tree:
      size: 1588
      sha256: 4b3705c3c531d44c7b17a367f057e42fa393a9555392961178aaa1d7698430e9
  original:
    hackage: profunctors-5.6.1@sha256:8a317a45fd50ef17c517e11c3125be85382f8a8cb8637076f3915e9b00f1a9fd,2377
- completed:
    hackage: random-1.2.0@sha256:30d72df4cc1d2fe2d445c88f0ee9d21965af7ce86660c43a6c32a6a1d90d51c9,6094
    pantry-tree:
      size: 1259
      sha256: 92b5a834ba603ee4d006968a75847f4fd93a566b8a96e1b463b8229f8ce9961d
  original:
    hackage: random-1.2.0@sha256:30d72df4cc1d2fe2d445c88f0ee9d21965af7ce86660c43a6c32a6a1d90d51c9,6094
- completed:
    hackage: reflection-2.1.6@sha256:044acb7caf41a9d8246878f849baed2dffbc4582d0a1e5c7c079d4287239e970,3976
    pantry-tree:
      size: 1062
      sha256: f5aeb758b72cdb290de887c0db7297071c92f263870b0aee64801f420b85b83d
  original:
    hackage: reflection-2.1.6@sha256:044acb7caf41a9d8246878f849baed2dffbc4582d0a1e5c7c079d4287239e970,3976
- completed:
    hackage: resourcet-1.2.4.2@sha256:d57516781d1721f70aa0b9ec8ea9200ab02bf76349cb76d73ad57729302289cc,1730
    pantry-tree:
      size: 647
      sha256: 153ab98f19697b059250f932414aa34261ea0e15f08441ff39271f3f66525baf
  original:
    hackage: resourcet-1.2.4.2@sha256:d57516781d1721f70aa0b9ec8ea9200ab02bf76349cb76d73ad57729302289cc,1730
- completed:
    hackage: semigroupoids-5.3.5@sha256:5ccdfc9937718901b2c4a6829381bc62ebd1368945f89b4afe3ec5d5beae6a12,7221
    pantry-tree:
      size: 1834
      sha256: b0127bd0e5423c6ac9ae47053e903acb75ac08238d47b26e823131887ec0108f
  original:
    hackage: semigroupoids-5.3.5@sha256:5ccdfc9937718901b2c4a6829381bc62ebd1368945f89b4afe3ec5d5beae6a12,7221
- completed:
    hackage: tagged-0.8.6.1@sha256:98e446479bd3fe5bdc5fa63fec2a2f6998e1bb8cb6db1dee611716f588b3ab28,2770
    pantry-tree:
      size: 496
      sha256: a700dbb711ac55fbbce6283b371379df6f96c3b5d953ce5015c038d82c2e28f0
  original:
    hackage: tagged-0.8.6.1@sha256:98e446479bd3fe5bdc5fa63fec2a2f6998e1bb8cb6db1dee611716f588b3ab28,2770
- completed:
    hackage: th-abstraction-0.4.2.0@sha256:2c754cd15370f8c59c8e6c37d44428a78d0b4afc94e13b3958a1a50cd16f6e84,2124
    pantry-tree:
      size: 670
      sha256: 4d7de058f3dd57de2a89ea92e812c37ab5418d2fbac620db8c815e7eb4d856ac
  original:
    hackage: th-abstraction-0.4.2.0@sha256:2c754cd15370f8c59c8e6c37d44428a78d0b4afc94e13b3958a1a50cd16f6e84,2124
- completed:
    hackage: transformers-base-0.4.5.2@sha256:e4d8155470905ba2942033a1537fc4cf91927d1c9b34693fd57ddf3bc02334af,1550
    pantry-tree:
      size: 275
      sha256: de1ab09cfb378c269105d6fcfa0fa9820081c2d1d91c87503a5f10068a4119e7
  original:
    hackage: transformers-base-0.4.5.2@sha256:e4d8155470905ba2942033a1537fc4cf91927d1c9b34693fd57ddf3bc02334af,1550
- completed:
    hackage: transformers-compat-0.6.6@sha256:510709db2b12d1510d70de824ee544ca0a9e6f27aa7e299218cbacc0750b4a5e,5560
    pantry-tree:
      size: 1777
      sha256: e53f7b8deb576db7baa6e4c13a7c9904cd247f6e4807bd12a058d1527197064e
  original:
    hackage: transformers-compat-0.6.6@sha256:510709db2b12d1510d70de824ee544ca0a9e6f27aa7e299218cbacc0750b4a5e,5560
- completed:
    hackage: unbounded-delays-0.1.1.1@sha256:d7a2a49f15bdff2a8bdbd76f9d204580ea4be5a9def500c6371d51d8111cbcbe,1209
    pantry-tree:
      size: 360
      sha256: 594444ec1752b280cad420f2c410cf45caebe65b844202bceb5a6438068e8ba9
  original:
    hackage: unbounded-delays-0.1.1.1@sha256:d7a2a49f15bdff2a8bdbd76f9d204580ea4be5a9def500c6371d51d8111cbcbe,1209
- completed:
    hackage: wcwidth-0.0.2@sha256:77531eb6683c505c22ab3fa11bbc43d3ce1e7dac21401d4d5a19677d348bb5f3,1998
    pantry-tree:
      size: 328
      sha256: e41a76d32d11404240c0f5263e9f6dc9874083a1119db703ee65c28ed76f4505
  original:
    hackage: wcwidth-0.0.2@sha256:77531eb6683c505c22ab3fa11bbc43d3ce1e7dac21401d4d5a19677d348bb5f3,1998
- completed:
    hackage: wl-pprint-annotated-0.1.0.1@sha256:0b8fd3649bfe72d155a4379e4c88b7ef00408f6f4973f63333787fd2e1b5ba1e,2214
    pantry-tree:
      size: 304
      sha256: 322f0bb500acd0e029e8c26b570cbb66e111e765f53c18911107cd05eff3df47
  original:
    hackage: wl-pprint-annotated-0.1.0.1@sha256:0b8fd3649bfe72d155a4379e4c88b7ef00408f6f4973f63333787fd2e1b5ba1e,2214
- completed:
    hackage: StateVar-1.2.1@sha256:b8bea664120dc78f5c15d9b8c0947d51dbc58a0b63ee49971fa7caac9f3e0845,1642
    pantry-tree:
      size: 314
      sha256: a754fbce030016de2534e05dd6abb987daf46e2d5e34f11ea200854869220cfc
  original:
    hackage: StateVar-1.2.1@sha256:b8bea664120dc78f5c15d9b8c0947d51dbc58a0b63ee49971fa7caac9f3e0845,1642
- completed:
    hackage: adjunctions-4.4@sha256:2738dd5f5d5e93749adb14a05472e58a96a75d0f299e46371c6f46dc4e97daf9,3067
    pantry-tree:
      size: 1560
      sha256: b9b90a45e77481a8f24baa9b61dbf862199ec736b99344b5c7ae9c905f0425d8
  original:
    hackage: adjunctions-4.4@sha256:2738dd5f5d5e93749adb14a05472e58a96a75d0f299e46371c6f46dc4e97daf9,3067
- completed:
    hackage: ansi-wl-pprint-0.6.9@sha256:20d30674f137d43aa0279c2c2cc5e45a5f1c3c57e301852494906158b6313bf7,2388
    pantry-tree:
      size: 472
      sha256: 66a06439d3d7ab8d15f396aae8e4c3cedd907ade9e35e73bedbbf55bbdc8f59b
  original:
    hackage: ansi-wl-pprint-0.6.9@sha256:20d30674f137d43aa0279c2c2cc5e45a5f1c3c57e301852494906158b6313bf7,2388
- completed:
    hackage: constraints-0.12@sha256:71c7999d7fa01d8941f08d37d4c107c6b1bcbd0306e234157557b9b096b7f1be,2217
    pantry-tree:
      size: 867
      sha256: 40bb55ad831b213078b79f54bb09c5a2200433dc2a495814444593fb00112834
  original:
    hackage: constraints-0.12@sha256:71c7999d7fa01d8941f08d37d4c107c6b1bcbd0306e234157557b9b096b7f1be,2217
- completed:
    hackage: happy-1.20.0@sha256:f99e612b29d68d784d7e193943a13466f0923de69452a2585081491efed0436b,5709
    pantry-tree:
      size: 8749
      sha256: a90122967031e2feb99adbbacf57ddf8627a7c0444720402513d3f11ec7f990a
  original:
    hackage: happy-1.20.0@sha256:f99e612b29d68d784d7e193943a13466f0923de69452a2585081491efed0436b,5709
- completed:
    hackage: haskell-lexer-1.1@sha256:9e0a7633f6bdb59004c6f3144ebfad1edb9e440fc6a94215c3a1d11bcd8656ef,915
    pantry-tree:
      size: 587
      sha256: b301fc4115ecc2687df258748a4d6f4165ee34890d65ddb81930d6adfd6c4f7c
  original:
    hackage: haskell-lexer-1.1@sha256:9e0a7633f6bdb59004c6f3144ebfad1edb9e440fc6a94215c3a1d11bcd8656ef,915
- completed:
    hackage: indexed-traversable-0.1.1@sha256:e330ec1ab336ee2fb1eff117ebe3480d1663396fecd981f185b7123dc7941ae1,2469
    pantry-tree:
      size: 495
      sha256: 52d8bab517f47381ad864f636c89c5d23bc862c28d7bd826f930975c3c37a228
  original:
    hackage: indexed-traversable-0.1.1@sha256:e330ec1ab336ee2fb1eff117ebe3480d1663396fecd981f185b7123dc7941ae1,2469
- completed:
    hackage: invariant-0.5.4@sha256:04596946f13f4ec241eae5382c3c19eefebf6a7e2e5e60a4b8187c9115f8594a,3400
    pantry-tree:
      size: 650
      sha256: a25ae15c236b73849c1389a9f314ea2a447b2b1a370349df5227e37229629679
  original:
    hackage: invariant-0.5.4@sha256:04596946f13f4ec241eae5382c3c19eefebf6a7e2e5e60a4b8187c9115f8594a,3400
- completed:
    hackage: lifted-base-0.2.3.12@sha256:e94ad0692c9c5d85c373e508f23654f2da8ac8c3e475c2b65ffbc04fb165ad69,3369
    pantry-tree:
      size: 1129
      sha256: a1d78bdab90ed2863854f825f6ab277e5df0af856fec06ac1c39131e8019aef5
  original:
    hackage: lifted-base-0.2.3.12@sha256:e94ad0692c9c5d85c373e508f23654f2da8ac8c3e475c2b65ffbc04fb165ad69,3369
- completed:
    hackage: splitmix-0.1.0.3@sha256:fc3aae74c467f4b608050bef53aec17904a618731df9407e655d8f3bf8c32d5c,6049
    pantry-tree:
      size: 1400
      sha256: 8290f921f41c3628a6c9871502e57fd1d25f5954967afbf4ed16717fd8d3656f
  original:
    hackage: splitmix-0.1.0.3@sha256:fc3aae74c467f4b608050bef53aec17904a618731df9407e655d8f3bf8c32d5c,6049
- completed:
    hackage: unliftio-core-0.2.0.1@sha256:9b3e44ea9aacacbfc35b3b54015af450091916ac3618a41868ebf6546977659a,1082
    pantry-tree:
      size: 328
      sha256: e81c5a1e82ec2cd68cbbbec9cd60567363abe02257fa1370a906f6754b6818b8
  original:
    hackage: unliftio-core-0.2.0.1@sha256:9b3e44ea9aacacbfc35b3b54015af450091916ac3618a41868ebf6546977659a,1082
- completed:
    hackage: semigroups-0.19.1@sha256:ecae129621e0d2f77bef2f01e4458c2e0567ab6e1f39579c61d7cec8058ebb0e,6262
    pantry-tree:
      size: 534
      sha256: 61160272cccf0dcffe7fe23b7644412b959a8ec232bed4d43be235176f0bd90b
  original:
    hackage: semigroups-0.19.1@sha256:ecae129621e0d2f77bef2f01e4458c2e0567ab6e1f39579c61d7cec8058ebb0e,6262
- completed:
    hackage: type-equality-1@sha256:f2a895a7b22384d9b43a9c6608725b2de7581e77e5b20ab9cfe3f959f6cd71a8,1569
    pantry-tree:
      size: 313
      sha256: 8b8cfe545f3455c6fbd90751e15e6f742ae6be137557ed67bd2d642c07ff712f
  original:
    hackage: type-equality-1@sha256:f2a895a7b22384d9b43a9c6608725b2de7581e77e5b20ab9cfe3f959f6cd71a8,1569
- completed:
    hackage: void-0.7.3@sha256:13d30f62fcdf065e595d679d4ac8b4b0c1bb1a1b73db7b5b5a8f857cb5c8a546,1857
    pantry-tree:
      size: 584
      sha256: 5730b45e857424c97d24ee1cf530be1fc782cd000221ac97b5568be886cbbc2b
  original:
    hackage: void-0.7.3@sha256:13d30f62fcdf065e595d679d4ac8b4b0c1bb1a1b73db7b5b5a8f857cb5c8a546,1857
snapshots:
- completed:
    size: 563099
    url: https://raw.githubusercontent.com/commercialhaskell/stackage-snapshots/master/lts/17/3.yaml
    sha256: 1e9f31ec160a144f796bc49b91dfc2bab5eca88b1dcc93da569108febaf5b382
  original: lts-17.3
